
Microsoft Visual Studio Solution File, Format Version 12.00
# Visual Studio 15
VisualStudioVersion = 15.0.28010.2036
MinimumVisualStudioVersion = 10.0.40219.1
Project("{FAE04EC0-301F-11D3-BF4B-00C04F79EFBC}") = "Backend", "Backend\Backend.csproj", "{6DE6BFF0-E44A-46C7-9C66-59D8293E943C}"
EndProject
Global
	GlobalSection(SolutionConfigurationPlatforms) = preSolution
		Debug|Any CPU = Debug|Any CPU
		Release|Any CPU = Release|Any CPU
	EndGlobalSection
	GlobalSection(ProjectConfigurationPlatforms) = postSolution
		{6DE6BFF0-E44A-46C7-9C66-59D8293E943C}.Debug|Any CPU.ActiveCfg = Debug|Any CPU
		{6DE6BFF0-E44A-46C7-9C66-59D8293E943C}.Debug|Any CPU.Build.0 = Debug|Any CPU
		{6DE6BFF0-E44A-46C7-9C66-59D8293E943C}.Release|Any CPU.ActiveCfg = Release|Any CPU
		{6DE6BFF0-E44A-46C7-9C66-59D8293E943C}.Release|Any CPU.Build.0 = Release|Any CPU
	EndGlobalSection
	GlobalSection(SolutionProperties) = preSolution
		HideSolutionNode = FALSE
	EndGlobalSection
	GlobalSection(ExtensibilityGlobals) = postSolution
		SolutionGuid = {6C5093A3-2483-4BB4-838B-B35449F8B4DE}
	EndGlobalSection
EndGlobal
